
Microsoft Visual Studio Solution File, Format Version 12.00
# Visual Studio Version 16
VisualStudioVersion = 16.0.30517.126
MinimumVisualStudioVersion = 10.0.40219.1
Project("{9A19103F-16F7-4668-BE54-9A1E7A4F7556}") = "OneFileManager", "OneFileManager\OneFileManager.csproj", "{F380ACFC-2AAA-4CEA-9CF7-0D574D29507A}"
EndProject
Project("{9A19103F-16F7-4668-BE54-9A1E7A4F7556}") = "OneFileManager.EverythingSDK", "OneFileManager.Everything\OneFileManager.EverythingSDK.csproj", "{AA5B7858-717C-4431-9661-74DB4830353B}"
EndProject
Project("{9A19103F-16F7-4668-BE54-9A1E7A4F7556}") = "OneFileManager.Core", "OneFileManager.Core\OneFileManager.Core.csproj", "{12BC2D41-410B-43C4-BE8C-65097946DEE5}"
EndProject
Project("{FAE04EC0-301F-11D3-BF4B-00C04F79EFBC}") = "OneFileManager.UWP", "OneFileManager.UWP\OneFileManager.UWP.csproj", "{1DF77F05-9A9A-471A-8B7F-65A069274588}"
EndProject
Project("{9A19103F-16F7-4668-BE54-9A1E7A4F7556}") = "OneFileManager.Security", "OneFileManager.AESFiles\OneFileManager.Security.csproj", "{EB6C5D9F-AFA7-4F11-A823-5839D3881212}"
EndProject
Project("{2150E333-8FDC-42A3-9474-1A3956D46DE8}") = "单元测试", "单元测试", "{7E4EA543-1E3F-4423-9792-C045B392282F}"
EndProject
Project("{9A19103F-16F7-4668-BE54-9A1E7A4F7556}") = "OneFileManager.SecurityTests", "OneFileManager.SecurityTests\OneFileManager.SecurityTests.csproj", "{FFF54E4C-E1A6-420A-ACA5-2BAE6F960024}"
EndProject
Project("{2150E333-8FDC-42A3-9474-1A3956D46DE8}") = "UWP", "UWP", "{5E04542F-D584-43E3-B468-2BD12CA3777F}"
EndProject
Project("{9A19103F-16F7-4668-BE54-9A1E7A4F7556}") = "OneFileManager.SimpleCrypto", "OneFileManager.SimpleCrypto\OneFileManager.SimpleCrypto.csproj", "{B32B962D-D40E-44BA-940A-74AF6260BD7E}"
EndProject
Project("{2150E333-8FDC-42A3-9474-1A3956D46DE8}") = "发布", "发布", "{71F8DF93-B269-474C-86FD-A0ABC65240C7}"
EndProject
Project("{54435603-DBB4-11D2-8724-00A0C9A8B90C}") = "MoreFileManager安装包", "MoreFileManagerInstallationPackage\MoreFileManagerInstallationPackage.vdproj", "{4B8C2DA6-D6B5-4D09-A7A9-DF52BE595C40}"
EndProject
Project("{FAE04EC0-301F-11D3-BF4B-00C04F79EFBC}") = "OneFileManager.Common", "OneFileManager.Common\OneFileManager.Common.csproj", "{61D4BA9A-0561-4CC8-A10C-D376A08E3FC0}"
EndProject
Project("{FAE04EC0-301F-11D3-BF4B-00C04F79EFBC}") = "OneFileManager.DBTest", "Test\OneFileManager.DBTest\OneFileManager.DBTest.csproj", "{0182A2DE-87B7-4223-9EDD-DDB1D7AAEA4E}"
EndProject
Global
	GlobalSection(SolutionConfigurationPlatforms) = preSolution
		Debug|Any CPU = Debug|Any CPU
		Debug|ARM = Debug|ARM
		Debug|ARM64 = Debug|ARM64
		Debug|x64 = Debug|x64
		Debug|x86 = Debug|x86
		Release|Any CPU = Release|Any CPU
		Release|ARM = Release|ARM
		Release|ARM64 = Release|ARM64
		Release|x64 = Release|x64
		Release|x86 = Release|x86
	EndGlobalSection
	GlobalSection(ProjectConfigurationPlatforms) = postSolution
		{F380ACFC-2AAA-4CEA-9CF7-0D574D29507A}.Debug|Any CPU.ActiveCfg = Debug|Any CPU
		{F380ACFC-2AAA-4CEA-9CF7-0D574D29507A}.Debug|Any CPU.Build.0 = Debug|Any CPU
		{F380ACFC-2AAA-4CEA-9CF7-0D574D29507A}.Debug|ARM.ActiveCfg = Debug|Any CPU
		{F380ACFC-2AAA-4CEA-9CF7-0D574D29507A}.Debug|ARM.Build.0 = Debug|Any CPU
		{F380ACFC-2AAA-4CEA-9CF7-0D574D29507A}.Debug|ARM64.ActiveCfg = Debug|Any CPU
		{F380ACFC-2AAA-4CEA-9CF7-0D574D29507A}.Debug|ARM64.Build.0 = Debug|Any CPU
		{F380ACFC-2AAA-4CEA-9CF7-0D574D29507A}.Debug|x64.ActiveCfg = Debug|x64
		{F380ACFC-2AAA-4CEA-9CF7-0D574D29507A}.Debug|x64.Build.0 = Debug|x64
		{F380ACFC-2AAA-4CEA-9CF7-0D574D29507A}.Debug|x86.ActiveCfg = Debug|Any CPU
		{F380ACFC-2AAA-4CEA-9CF7-0D574D29507A}.Debug|x86.Build.0 = Debug|Any CPU
		{F380ACFC-2AAA-4CEA-9CF7-0D574D29507A}.Release|Any CPU.ActiveCfg = Release|Any CPU
		{F380ACFC-2AAA-4CEA-9CF7-0D574D29507A}.Release|Any CPU.Build.0 = Release|Any CPU
		{F380ACFC-2AAA-4CEA-9CF7-0D574D29507A}.Release|ARM.ActiveCfg = Release|Any CPU
		{F380ACFC-2AAA-4CEA-9CF7-0D574D29507A}.Release|ARM.Build.0 = Release|Any CPU
		{F380ACFC-2AAA-4CEA-9CF7-0D574D29507A}.Release|ARM64.ActiveCfg = Release|Any CPU
		{F380ACFC-2AAA-4CEA-9CF7-0D574D29507A}.Release|ARM64.Build.0 = Release|Any CPU
		{F380ACFC-2AAA-4CEA-9CF7-0D574D29507A}.Release|x64.ActiveCfg = Release|x64
		{F380ACFC-2AAA-4CEA-9CF7-0D574D29507A}.Release|x64.Build.0 = Release|x64
		{F380ACFC-2AAA-4CEA-9CF7-0D574D29507A}.Release|x86.ActiveCfg = Release|Any CPU
		{F380ACFC-2AAA-4CEA-9CF7-0D574D29507A}.Release|x86.Build.0 = Release|Any CPU
		{AA5B7858-717C-4431-9661-74DB4830353B}.Debug|Any CPU.ActiveCfg = Debug|Any CPU
		{AA5B7858-717C-4431-9661-74DB4830353B}.Debug|Any CPU.Build.0 = Debug|Any CPU
		{AA5B7858-717C-4431-9661-74DB4830353B}.Debug|ARM.ActiveCfg = Debug|Any CPU
		{AA5B7858-717C-4431-9661-74DB4830353B}.Debug|ARM.Build.0 = Debug|Any CPU
		{AA5B7858-717C-4431-9661-74DB4830353B}.Debug|ARM64.ActiveCfg = Debug|Any CPU
		{AA5B7858-717C-4431-9661-74DB4830353B}.Debug|ARM64.Build.0 = Debug|Any CPU
		{AA5B7858-717C-4431-9661-74DB4830353B}.Debug|x64.ActiveCfg = Debug|Any CPU
		{AA5B7858-717C-4431-9661-74DB4830353B}.Debug|x64.Build.0 = Debug|Any CPU
		{AA5B7858-717C-4431-9661-74DB4830353B}.Debug|x86.ActiveCfg = Debug|Any CPU
		{AA5B7858-717C-4431-9661-74DB4830353B}.Debug|x86.Build.0 = Debug|Any CPU
		{AA5B7858-717C-4431-9661-74DB4830353B}.Release|Any CPU.ActiveCfg = Release|Any CPU
		{AA5B7858-717C-4431-9661-74DB4830353B}.Release|Any CPU.Build.0 = Release|Any CPU
		{AA5B7858-717C-4431-9661-74DB4830353B}.Release|ARM.ActiveCfg = Release|Any CPU
		{AA5B7858-717C-4431-9661-74DB4830353B}.Release|ARM.Build.0 = Release|Any CPU
		{AA5B7858-717C-4431-9661-74DB4830353B}.Release|ARM64.ActiveCfg = Release|Any CPU
		{AA5B7858-717C-4431-9661-74DB4830353B}.Release|ARM64.Build.0 = Release|Any CPU
		{AA5B7858-717C-4431-9661-74DB4830353B}.Release|x64.ActiveCfg = Release|Any CPU
		{AA5B7858-717C-4431-9661-74DB4830353B}.Release|x64.Build.0 = Release|Any CPU
		{AA5B7858-717C-4431-9661-74DB4830353B}.Release|x86.ActiveCfg = Release|Any CPU
		{AA5B7858-717C-4431-9661-74DB4830353B}.Release|x86.Build.0 = Release|Any CPU
		{12BC2D41-410B-43C4-BE8C-65097946DEE5}.Debug|Any CPU.ActiveCfg = Debug|Any CPU
		{12BC2D41-410B-43C4-BE8C-65097946DEE5}.Debug|Any CPU.Build.0 = Debug|Any CPU
		{12BC2D41-410B-43C4-BE8C-65097946DEE5}.Debug|ARM.ActiveCfg = Debug|Any CPU
		{12BC2D41-410B-43C4-BE8C-65097946DEE5}.Debug|ARM.Build.0 = Debug|Any CPU
		{12BC2D41-410B-43C4-BE8C-65097946DEE5}.Debug|ARM64.ActiveCfg = Debug|Any CPU
		{12BC2D41-410B-43C4-BE8C-65097946DEE5}.Debug|ARM64.Build.0 = Debug|Any CPU
		{12BC2D41-410B-43C4-BE8C-65097946DEE5}.Debug|x64.ActiveCfg = Debug|Any CPU
		{12BC2D41-410B-43C4-BE8C-65097946DEE5}.Debug|x64.Build.0 = Debug|Any CPU
		{12BC2D41-410B-43C4-BE8C-65097946DEE5}.Debug|x86.ActiveCfg = Debug|Any CPU
		{12BC2D41-410B-43C4-BE8C-65097946DEE5}.Debug|x86.Build.0 = Debug|Any CPU
		{12BC2D41-410B-43C4-BE8C-65097946DEE5}.Release|Any CPU.ActiveCfg = Release|Any CPU
		{12BC2D41-410B-43C4-BE8C-65097946DEE5}.Release|Any CPU.Build.0 = Release|Any CPU
		{12BC2D41-410B-43C4-BE8C-65097946DEE5}.Release|ARM.ActiveCfg = Release|Any CPU
		{12BC2D41-410B-43C4-BE8C-65097946DEE5}.Release|ARM.Build.0 = Release|Any CPU
		{12BC2D41-410B-43C4-BE8C-65097946DEE5}.Release|ARM64.ActiveCfg = Release|Any CPU
		{12BC2D41-410B-43C4-BE8C-65097946DEE5}.Release|ARM64.Build.0 = Release|Any CPU
		{12BC2D41-410B-43C4-BE8C-65097946DEE5}.Release|x64.ActiveCfg = Release|Any CPU
		{12BC2D41-410B-43C4-BE8C-65097946DEE5}.Release|x64.Build.0 = Release|Any CPU
		{12BC2D41-410B-43C4-BE8C-65097946DEE5}.Release|x86.ActiveCfg = Release|Any CPU
		{12BC2D41-410B-43C4-BE8C-65097946DEE5}.Release|x86.Build.0 = Release|Any CPU
		{1DF77F05-9A9A-471A-8B7F-65A069274588}.Debug|Any CPU.ActiveCfg = Debug|x86
		{1DF77F05-9A9A-471A-8B7F-65A069274588}.Debug|Any CPU.Build.0 = Debug|x86
		{1DF77F05-9A9A-471A-8B7F-65A069274588}.Debug|Any CPU.Deploy.0 = Debug|x86
		{1DF77F05-9A9A-471A-8B7F-65A069274588}.Debug|ARM.ActiveCfg = Debug|ARM
		{1DF77F05-9A9A-471A-8B7F-65A069274588}.Debug|ARM.Build.0 = Debug|ARM
		{1DF77F05-9A9A-471A-8B7F-65A069274588}.Debug|ARM.Deploy.0 = Debug|ARM
		{1DF77F05-9A9A-471A-8B7F-65A069274588}.Debug|ARM64.ActiveCfg = Debug|ARM64
		{1DF77F05-9A9A-471A-8B7F-65A069274588}.Debug|ARM64.Build.0 = Debug|ARM64
		{1DF77F05-9A9A-471A-8B7F-65A069274588}.Debug|ARM64.Deploy.0 = Debug|ARM64
		{1DF77F05-9A9A-471A-8B7F-65A069274588}.Debug|x64.ActiveCfg = Debug|x64
		{1DF77F05-9A9A-471A-8B7F-65A069274588}.Debug|x64.Build.0 = Debug|x64
		{1DF77F05-9A9A-471A-8B7F-65A069274588}.Debug|x64.Deploy.0 = Debug|x64
		{1DF77F05-9A9A-471A-8B7F-65A069274588}.Debug|x86.ActiveCfg = Debug|x86
		{1DF77F05-9A9A-471A-8B7F-65A069274588}.Debug|x86.Build.0 = Debug|x86
		{1DF77F05-9A9A-471A-8B7F-65A069274588}.Debug|x86.Deploy.0 = Debug|x86
		{1DF77F05-9A9A-471A-8B7F-65A069274588}.Release|Any CPU.ActiveCfg = Release|x86
		{1DF77F05-9A9A-471A-8B7F-65A069274588}.Release|ARM.ActiveCfg = Release|ARM
		{1DF77F05-9A9A-471A-8B7F-65A069274588}.Release|ARM.Build.0 = Release|ARM
		{1DF77F05-9A9A-471A-8B7F-65A069274588}.Release|ARM.Deploy.0 = Release|ARM
		{1DF77F05-9A9A-471A-8B7F-65A069274588}.Release|ARM64.ActiveCfg = Release|ARM64
		{1DF77F05-9A9A-471A-8B7F-65A069274588}.Release|ARM64.Build.0 = Release|ARM64
		{1DF77F05-9A9A-471A-8B7F-65A069274588}.Release|ARM64.Deploy.0 = Release|ARM64
		{1DF77F05-9A9A-471A-8B7F-65A069274588}.Release|x64.ActiveCfg = Release|x64
		{1DF77F05-9A9A-471A-8B7F-65A069274588}.Release|x64.Build.0 = Release|x64
		{1DF77F05-9A9A-471A-8B7F-65A069274588}.Release|x64.Deploy.0 = Release|x64
		{1DF77F05-9A9A-471A-8B7F-65A069274588}.Release|x86.ActiveCfg = Release|x86
		{1DF77F05-9A9A-471A-8B7F-65A069274588}.Release|x86.Build.0 = Release|x86
		{1DF77F05-9A9A-471A-8B7F-65A069274588}.Release|x86.Deploy.0 = Release|x86
		{EB6C5D9F-AFA7-4F11-A823-5839D3881212}.Debug|Any CPU.ActiveCfg = Debug|Any CPU
		{EB6C5D9F-AFA7-4F11-A823-5839D3881212}.Debug|Any CPU.Build.0 = Debug|Any CPU
		{EB6C5D9F-AFA7-4F11-A823-5839D3881212}.Debug|ARM.ActiveCfg = Debug|Any CPU
		{EB6C5D9F-AFA7-4F11-A823-5839D3881212}.Debug|ARM.Build.0 = Debug|Any CPU
		{EB6C5D9F-AFA7-4F11-A823-5839D3881212}.Debug|ARM64.ActiveCfg = Debug|Any CPU
		{EB6C5D9F-AFA7-4F11-A823-5839D3881212}.Debug|ARM64.Build.0 = Debug|Any CPU
		{EB6C5D9F-AFA7-4F11-A823-5839D3881212}.Debug|x64.ActiveCfg = Debug|Any CPU
		{EB6C5D9F-AFA7-4F11-A823-5839D3881212}.Debug|x64.Build.0 = Debug|Any CPU
		{EB6C5D9F-AFA7-4F11-A823-5839D3881212}.Debug|x86.ActiveCfg = Debug|Any CPU
		{EB6C5D9F-AFA7-4F11-A823-5839D3881212}.Debug|x86.Build.0 = Debug|Any CPU
		{EB6C5D9F-AFA7-4F11-A823-5839D3881212}.Release|Any CPU.ActiveCfg = Release|Any CPU
		{EB6C5D9F-AFA7-4F11-A823-5839D3881212}.Release|Any CPU.Build.0 = Release|Any CPU
		{EB6C5D9F-AFA7-4F11-A823-5839D3881212}.Release|ARM.ActiveCfg = Release|Any CPU
		{EB6C5D9F-AFA7-4F11-A823-5839D3881212}.Release|ARM.Build.0 = Release|Any CPU
		{EB6C5D9F-AFA7-4F11-A823-5839D3881212}.Release|ARM64.ActiveCfg = Release|Any CPU
		{EB6C5D9F-AFA7-4F11-A823-5839D3881212}.Release|ARM64.Build.0 = Release|Any CPU
		{EB6C5D9F-AFA7-4F11-A823-5839D3881212}.Release|x64.ActiveCfg = Release|Any CPU
		{EB6C5D9F-AFA7-4F11-A823-5839D3881212}.Release|x64.Build.0 = Release|Any CPU
		{EB6C5D9F-AFA7-4F11-A823-5839D3881212}.Release|x86.ActiveCfg = Release|Any CPU
		{EB6C5D9F-AFA7-4F11-A823-5839D3881212}.Release|x86.Build.0 = Release|Any CPU
		{FFF54E4C-E1A6-420A-ACA5-2BAE6F960024}.Debug|Any CPU.ActiveCfg = Debug|Any CPU
		{FFF54E4C-E1A6-420A-ACA5-2BAE6F960024}.Debug|Any CPU.Build.0 = Debug|Any CPU
		{FFF54E4C-E1A6-420A-ACA5-2BAE6F960024}.Debug|ARM.ActiveCfg = Debug|Any CPU
		{FFF54E4C-E1A6-420A-ACA5-2BAE6F960024}.Debug|ARM.Build.0 = Debug|Any CPU
		{FFF54E4C-E1A6-420A-ACA5-2BAE6F960024}.Debug|ARM64.ActiveCfg = Debug|Any CPU
		{FFF54E4C-E1A6-420A-ACA5-2BAE6F960024}.Debug|ARM64.Build.0 = Debug|Any CPU
		{FFF54E4C-E1A6-420A-ACA5-2BAE6F960024}.Debug|x64.ActiveCfg = Debug|Any CPU
		{FFF54E4C-E1A6-420A-ACA5-2BAE6F960024}.Debug|x64.Build.0 = Debug|Any CPU
		{FFF54E4C-E1A6-420A-ACA5-2BAE6F960024}.Debug|x86.ActiveCfg = Debug|Any CPU
		{FFF54E4C-E1A6-420A-ACA5-2BAE6F960024}.Debug|x86.Build.0 = Debug|Any CPU
		{FFF54E4C-E1A6-420A-ACA5-2BAE6F960024}.Release|Any CPU.ActiveCfg = Release|Any CPU
		{FFF54E4C-E1A6-420A-ACA5-2BAE6F960024}.Release|Any CPU.Build.0 = Release|Any CPU
		{FFF54E4C-E1A6-420A-ACA5-2BAE6F960024}.Release|ARM.ActiveCfg = Release|Any CPU
		{FFF54E4C-E1A6-420A-ACA5-2BAE6F960024}.Release|ARM.Build.0 = Release|Any CPU
		{FFF54E4C-E1A6-420A-ACA5-2BAE6F960024}.Release|ARM64.ActiveCfg = Release|Any CPU
		{FFF54E4C-E1A6-420A-ACA5-2BAE6F960024}.Release|ARM64.Build.0 = Release|Any CPU
		{FFF54E4C-E1A6-420A-ACA5-2BAE6F960024}.Release|x64.ActiveCfg = Release|Any CPU
		{FFF54E4C-E1A6-420A-ACA5-2BAE6F960024}.Release|x64.Build.0 = Release|Any CPU
		{FFF54E4C-E1A6-420A-ACA5-2BAE6F960024}.Release|x86.ActiveCfg = Release|Any CPU
		{FFF54E4C-E1A6-420A-ACA5-2BAE6F960024}.Release|x86.Build.0 = Release|Any CPU
		{B32B962D-D40E-44BA-940A-74AF6260BD7E}.Debug|Any CPU.ActiveCfg = Debug|Any CPU
		{B32B962D-D40E-44BA-940A-74AF6260BD7E}.Debug|Any CPU.Build.0 = Debug|Any CPU
		{B32B962D-D40E-44BA-940A-74AF6260BD7E}.Debug|ARM.ActiveCfg = Debug|Any CPU
		{B32B962D-D40E-44BA-940A-74AF6260BD7E}.Debug|ARM.Build.0 = Debug|Any CPU
		{B32B962D-D40E-44BA-940A-74AF6260BD7E}.Debug|ARM64.ActiveCfg = Debug|Any CPU
		{B32B962D-D40E-44BA-940A-74AF6260BD7E}.Debug|ARM64.Build.0 = Debug|Any CPU
		{B32B962D-D40E-44BA-940A-74AF6260BD7E}.Debug|x64.ActiveCfg = Debug|Any CPU
		{B32B962D-D40E-44BA-940A-74AF6260BD7E}.Debug|x64.Build.0 = Debug|Any CPU
		{B32B962D-D40E-44BA-940A-74AF6260BD7E}.Debug|x86.ActiveCfg = Debug|Any CPU
		{B32B962D-D40E-44BA-940A-74AF6260BD7E}.Debug|x86.Build.0 = Debug|Any CPU
		{B32B962D-D40E-44BA-940A-74AF6260BD7E}.Release|Any CPU.ActiveCfg = Release|Any CPU
		{B32B962D-D40E-44BA-940A-74AF6260BD7E}.Release|Any CPU.Build.0 = Release|Any CPU
		{B32B962D-D40E-44BA-940A-74AF6260BD7E}.Release|ARM.ActiveCfg = Release|Any CPU
		{B32B962D-D40E-44BA-940A-74AF6260BD7E}.Release|ARM.Build.0 = Release|Any CPU
		{B32B962D-D40E-44BA-940A-74AF6260BD7E}.Release|ARM64.ActiveCfg = Release|Any CPU
		{B32B962D-D40E-44BA-940A-74AF6260BD7E}.Release|ARM64.Build.0 = Release|Any CPU
		{B32B962D-D40E-44BA-940A-74AF6260BD7E}.Release|x64.ActiveCfg = Release|Any CPU
		{B32B962D-D40E-44BA-940A-74AF6260BD7E}.Release|x64.Build.0 = Release|Any CPU
		{B32B962D-D40E-44BA-940A-74AF6260BD7E}.Release|x86.ActiveCfg = Release|Any CPU
		{B32B962D-D40E-44BA-940A-74AF6260BD7E}.Release|x86.Build.0 = Release|Any CPU
		{4B8C2DA6-D6B5-4D09-A7A9-DF52BE595C40}.Debug|Any CPU.ActiveCfg = Debug
		{4B8C2DA6-D6B5-4D09-A7A9-DF52BE595C40}.Debug|ARM.ActiveCfg = Debug
		{4B8C2DA6-D6B5-4D09-A7A9-DF52BE595C40}.Debug|ARM64.ActiveCfg = Debug
		{4B8C2DA6-D6B5-4D09-A7A9-DF52BE595C40}.Debug|x64.ActiveCfg = Debug
		{4B8C2DA6-D6B5-4D09-A7A9-DF52BE595C40}.Debug|x86.ActiveCfg = Debug
		{4B8C2DA6-D6B5-4D09-A7A9-DF52BE595C40}.Release|Any CPU.ActiveCfg = Release
		{4B8C2DA6-D6B5-4D09-A7A9-DF52BE595C40}.Release|ARM.ActiveCfg = Release
		{4B8C2DA6-D6B5-4D09-A7A9-DF52BE595C40}.Release|ARM64.ActiveCfg = Release
		{4B8C2DA6-D6B5-4D09-A7A9-DF52BE595C40}.Release|x64.ActiveCfg = Release
		{4B8C2DA6-D6B5-4D09-A7A9-DF52BE595C40}.Release|x86.ActiveCfg = Release
		{61D4BA9A-0561-4CC8-A10C-D376A08E3FC0}.Debug|Any CPU.ActiveCfg = Debug|Any CPU
		{61D4BA9A-0561-4CC8-A10C-D376A08E3FC0}.Debug|Any CPU.Build.0 = Debug|Any CPU
		{61D4BA9A-0561-4CC8-A10C-D376A08E3FC0}.Debug|ARM.ActiveCfg = Debug|Any CPU
		{61D4BA9A-0561-4CC8-A10C-D376A08E3FC0}.Debug|ARM.Build.0 = Debug|Any CPU
		{61D4BA9A-0561-4CC8-A10C-D376A08E3FC0}.Debug|ARM64.ActiveCfg = Debug|Any CPU
		{61D4BA9A-0561-4CC8-A10C-D376A08E3FC0}.Debug|ARM64.Build.0 = Debug|Any CPU
		{61D4BA9A-0561-4CC8-A10C-D376A08E3FC0}.Debug|x64.ActiveCfg = Debug|Any CPU
		{61D4BA9A-0561-4CC8-A10C-D376A08E3FC0}.Debug|x64.Build.0 = Debug|Any CPU
		{61D4BA9A-0561-4CC8-A10C-D376A08E3FC0}.Debug|x86.ActiveCfg = Debug|Any CPU
		{61D4BA9A-0561-4CC8-A10C-D376A08E3FC0}.Debug|x86.Build.0 = Debug|Any CPU
		{61D4BA9A-0561-4CC8-A10C-D376A08E3FC0}.Release|Any CPU.ActiveCfg = Release|Any CPU
		{61D4BA9A-0561-4CC8-A10C-D376A08E3FC0}.Release|Any CPU.Build.0 = Release|Any CPU
		{61D4BA9A-0561-4CC8-A10C-D376A08E3FC0}.Release|ARM.ActiveCfg = Release|Any CPU
		{61D4BA9A-0561-4CC8-A10C-D376A08E3FC0}.Release|ARM.Build.0 = Release|Any CPU
		{61D4BA9A-0561-4CC8-A10C-D376A08E3FC0}.Release|ARM64.ActiveCfg = Release|Any CPU
		{61D4BA9A-0561-4CC8-A10C-D376A08E3FC0}.Release|ARM64.Build.0 = Release|Any CPU
		{61D4BA9A-0561-4CC8-A10C-D376A08E3FC0}.Release|x64.ActiveCfg = Release|Any CPU
		{61D4BA9A-0561-4CC8-A10C-D376A08E3FC0}.Release|x64.Build.0 = Release|Any CPU
		{61D4BA9A-0561-4CC8-A10C-D376A08E3FC0}.Release|x86.ActiveCfg = Release|Any CPU
		{61D4BA9A-0561-4CC8-A10C-D376A08E3FC0}.Release|x86.Build.0 = Release|Any CPU
		{0182A2DE-87B7-4223-9EDD-DDB1D7AAEA4E}.Debug|Any CPU.ActiveCfg = Debug|Any CPU
		{0182A2DE-87B7-4223-9EDD-DDB1D7AAEA4E}.Debug|Any CPU.Build.0 = Debug|Any CPU
		{0182A2DE-87B7-4223-9EDD-DDB1D7AAEA4E}.Debug|ARM.ActiveCfg = Debug|Any CPU
		{0182A2DE-87B7-4223-9EDD-DDB1D7AAEA4E}.Debug|ARM.Build.0 = Debug|Any CPU
		{0182A2DE-87B7-4223-9EDD-DDB1D7AAEA4E}.Debug|ARM64.ActiveCfg = Debug|Any CPU
		{0182A2DE-87B7-4223-9EDD-DDB1D7AAEA4E}.Debug|ARM64.Build.0 = Debug|Any CPU
		{0182A2DE-87B7-4223-9EDD-DDB1D7AAEA4E}.Debug|x64.ActiveCfg = Debug|Any CPU
		{0182A2DE-87B7-4223-9EDD-DDB1D7AAEA4E}.Debug|x64.Build.0 = Debug|Any CPU
		{0182A2DE-87B7-4223-9EDD-DDB1D7AAEA4E}.Debug|x86.ActiveCfg = Debug|Any CPU
		{0182A2DE-87B7-4223-9EDD-DDB1D7AAEA4E}.Debug|x86.Build.0 = Debug|Any CPU
		{0182A2DE-87B7-4223-9EDD-DDB1D7AAEA4E}.Release|Any CPU.ActiveCfg = Release|Any CPU
		{0182A2DE-87B7-4223-9EDD-DDB1D7AAEA4E}.Release|Any CPU.Build.0 = Release|Any CPU
		{0182A2DE-87B7-4223-9EDD-DDB1D7AAEA4E}.Release|ARM.ActiveCfg = Release|Any CPU
		{0182A2DE-87B7-4223-9EDD-DDB1D7AAEA4E}.Release|ARM.Build.0 = Release|Any CPU
		{0182A2DE-87B7-4223-9EDD-DDB1D7AAEA4E}.Release|ARM64.ActiveCfg = Release|Any CPU
		{0182A2DE-87B7-4223-9EDD-DDB1D7AAEA4E}.Release|ARM64.Build.0 = Release|Any CPU
		{0182A2DE-87B7-4223-9EDD-DDB1D7AAEA4E}.Release|x64.ActiveCfg = Release|Any CPU
		{0182A2DE-87B7-4223-9EDD-DDB1D7AAEA4E}.Release|x64.Build.0 = Release|Any CPU
		{0182A2DE-87B7-4223-9EDD-DDB1D7AAEA4E}.Release|x86.ActiveCfg = Release|Any CPU
		{0182A2DE-87B7-4223-9EDD-DDB1D7AAEA4E}.Release|x86.Build.0 = Release|Any CPU
	EndGlobalSection
	GlobalSection(SolutionProperties) = preSolution
		HideSolutionNode = FALSE
	EndGlobalSection
	GlobalSection(NestedProjects) = preSolution
		{1DF77F05-9A9A-471A-8B7F-65A069274588} = {5E04542F-D584-43E3-B468-2BD12CA3777F}
		{FFF54E4C-E1A6-420A-ACA5-2BAE6F960024} = {7E4EA543-1E3F-4423-9792-C045B392282F}
		{4B8C2DA6-D6B5-4D09-A7A9-DF52BE595C40} = {71F8DF93-B269-474C-86FD-A0ABC65240C7}
		{0182A2DE-87B7-4223-9EDD-DDB1D7AAEA4E} = {7E4EA543-1E3F-4423-9792-C045B392282F}
	EndGlobalSection
	GlobalSection(ExtensibilityGlobals) = postSolution
		SolutionGuid = {3247D6B4-B116-463B-9CCA-EF759279E673}
	EndGlobalSection
EndGlobal
