
Microsoft Visual Studio Solution File, Format Version 12.00
# Visual Studio Version 16
VisualStudioVersion = 16.0.30517.126
MinimumVisualStudioVersion = 10.0.40219.1
Project("{2150E333-8FDC-42A3-9474-1A3956D46DE8}") = "Test", "Test", "{7E4EA543-1E3F-4423-9792-C045B392282F}"
EndProject
Project("{2150E333-8FDC-42A3-9474-1A3956D46DE8}") = "发布", "发布", "{71F8DF93-B269-474C-86FD-A0ABC65240C7}"
EndProject
Project("{2150E333-8FDC-42A3-9474-1A3956D46DE8}") = "Code", "Code", "{7C9F8530-CFF7-496A-9F43-AFDF713324B5}"
EndProject
Project("{9A19103F-16F7-4668-BE54-9A1E7A4F7556}") = "OneFileManager.DBTest", "Test\OneFileManager.DBTest\OneFileManager.DBTest.csproj", "{56EC09BF-3957-4FF5-BE07-72F585A0FA10}"
EndProject
Project("{9A19103F-16F7-4668-BE54-9A1E7A4F7556}") = "OneFileManager", "Code\OneFileManager\OneFileManager.csproj", "{BB37948B-0C78-48AF-8140-B571F8D19C98}"
EndProject
Project("{9A19103F-16F7-4668-BE54-9A1E7A4F7556}") = "OneFileManager.Security", "Code\OneFileManager.AESFiles\OneFileManager.Security.csproj", "{A914E29B-3A01-4F96-90EE-819A345C3A2C}"
EndProject
Project("{9A19103F-16F7-4668-BE54-9A1E7A4F7556}") = "OneFileManager.Common", "Code\OneFileManager.Common\OneFileManager.Common.csproj", "{A7B23E21-E2C4-4C1A-A79A-8003AD30B661}"
EndProject
Project("{9A19103F-16F7-4668-BE54-9A1E7A4F7556}") = "OneFileManager.Core", "Code\OneFileManager.Core\OneFileManager.Core.csproj", "{9FEB3F2E-9ACF-4135-A088-B0DC2AC28F7B}"
EndProject
Project("{9A19103F-16F7-4668-BE54-9A1E7A4F7556}") = "OneFileManager.EverythingSDK", "Code\OneFileManager.Everything\OneFileManager.EverythingSDK.csproj", "{DAD11746-FE87-4DD3-89FE-1405629909A6}"
EndProject
Project("{9A19103F-16F7-4668-BE54-9A1E7A4F7556}") = "OneFileManager.SimpleCrypto", "Code\OneFileManager.SimpleCrypto\OneFileManager.SimpleCrypto.csproj", "{F59DFAC7-F794-427E-88AF-CD41AD30BB94}"
EndProject
Project("{9A19103F-16F7-4668-BE54-9A1E7A4F7556}") = "OneFileManager.SecurityTests", "Test\OneFileManager.SecurityTests\OneFileManager.SecurityTests.csproj", "{2A94F275-2CCD-4ECF-86E0-1B49F1F8037B}"
EndProject
Project("{2150E333-8FDC-42A3-9474-1A3956D46DE8}") = "Plugins", "Plugins", "{E36CFB5C-B857-46F6-8D89-2E62FF54F962}"
EndProject
Project("{2150E333-8FDC-42A3-9474-1A3956D46DE8}") = "Driver", "Driver", "{0AD8CC20-6767-45B4-88A7-857F0414644E}"
EndProject
Project("{9A19103F-16F7-4668-BE54-9A1E7A4F7556}") = "UpyunDriver", "Plugins\Driver\UpyunDriver\UpyunDriver.csproj", "{FCF63A79-C327-4822-8B83-C3413009BA2F}"
EndProject
Global
	GlobalSection(SolutionConfigurationPlatforms) = preSolution
		Debug|Any CPU = Debug|Any CPU
		Debug|ARM = Debug|ARM
		Debug|ARM64 = Debug|ARM64
		Debug|x64 = Debug|x64
		Debug|x86 = Debug|x86
		Release|Any CPU = Release|Any CPU
		Release|ARM = Release|ARM
		Release|ARM64 = Release|ARM64
		Release|x64 = Release|x64
		Release|x86 = Release|x86
	EndGlobalSection
	GlobalSection(ProjectConfigurationPlatforms) = postSolution
		{56EC09BF-3957-4FF5-BE07-72F585A0FA10}.Debug|Any CPU.ActiveCfg = Debug|Any CPU
		{56EC09BF-3957-4FF5-BE07-72F585A0FA10}.Debug|Any CPU.Build.0 = Debug|Any CPU
		{56EC09BF-3957-4FF5-BE07-72F585A0FA10}.Debug|ARM.ActiveCfg = Debug|Any CPU
		{56EC09BF-3957-4FF5-BE07-72F585A0FA10}.Debug|ARM.Build.0 = Debug|Any CPU
		{56EC09BF-3957-4FF5-BE07-72F585A0FA10}.Debug|ARM64.ActiveCfg = Debug|Any CPU
		{56EC09BF-3957-4FF5-BE07-72F585A0FA10}.Debug|ARM64.Build.0 = Debug|Any CPU
		{56EC09BF-3957-4FF5-BE07-72F585A0FA10}.Debug|x64.ActiveCfg = Debug|Any CPU
		{56EC09BF-3957-4FF5-BE07-72F585A0FA10}.Debug|x64.Build.0 = Debug|Any CPU
		{56EC09BF-3957-4FF5-BE07-72F585A0FA10}.Debug|x86.ActiveCfg = Debug|Any CPU
		{56EC09BF-3957-4FF5-BE07-72F585A0FA10}.Debug|x86.Build.0 = Debug|Any CPU
		{56EC09BF-3957-4FF5-BE07-72F585A0FA10}.Release|Any CPU.ActiveCfg = Release|Any CPU
		{56EC09BF-3957-4FF5-BE07-72F585A0FA10}.Release|Any CPU.Build.0 = Release|Any CPU
		{56EC09BF-3957-4FF5-BE07-72F585A0FA10}.Release|ARM.ActiveCfg = Release|Any CPU
		{56EC09BF-3957-4FF5-BE07-72F585A0FA10}.Release|ARM.Build.0 = Release|Any CPU
		{56EC09BF-3957-4FF5-BE07-72F585A0FA10}.Release|ARM64.ActiveCfg = Release|Any CPU
		{56EC09BF-3957-4FF5-BE07-72F585A0FA10}.Release|ARM64.Build.0 = Release|Any CPU
		{56EC09BF-3957-4FF5-BE07-72F585A0FA10}.Release|x64.ActiveCfg = Release|Any CPU
		{56EC09BF-3957-4FF5-BE07-72F585A0FA10}.Release|x64.Build.0 = Release|Any CPU
		{56EC09BF-3957-4FF5-BE07-72F585A0FA10}.Release|x86.ActiveCfg = Release|Any CPU
		{56EC09BF-3957-4FF5-BE07-72F585A0FA10}.Release|x86.Build.0 = Release|Any CPU
		{BB37948B-0C78-48AF-8140-B571F8D19C98}.Debug|Any CPU.ActiveCfg = Debug|Any CPU
		{BB37948B-0C78-48AF-8140-B571F8D19C98}.Debug|Any CPU.Build.0 = Debug|Any CPU
		{BB37948B-0C78-48AF-8140-B571F8D19C98}.Debug|ARM.ActiveCfg = Debug|Any CPU
		{BB37948B-0C78-48AF-8140-B571F8D19C98}.Debug|ARM.Build.0 = Debug|Any CPU
		{BB37948B-0C78-48AF-8140-B571F8D19C98}.Debug|ARM64.ActiveCfg = Debug|Any CPU
		{BB37948B-0C78-48AF-8140-B571F8D19C98}.Debug|ARM64.Build.0 = Debug|Any CPU
		{BB37948B-0C78-48AF-8140-B571F8D19C98}.Debug|x64.ActiveCfg = Debug|x64
		{BB37948B-0C78-48AF-8140-B571F8D19C98}.Debug|x64.Build.0 = Debug|x64
		{BB37948B-0C78-48AF-8140-B571F8D19C98}.Debug|x86.ActiveCfg = Debug|Any CPU
		{BB37948B-0C78-48AF-8140-B571F8D19C98}.Debug|x86.Build.0 = Debug|Any CPU
		{BB37948B-0C78-48AF-8140-B571F8D19C98}.Release|Any CPU.ActiveCfg = Release|Any CPU
		{BB37948B-0C78-48AF-8140-B571F8D19C98}.Release|Any CPU.Build.0 = Release|Any CPU
		{BB37948B-0C78-48AF-8140-B571F8D19C98}.Release|ARM.ActiveCfg = Release|Any CPU
		{BB37948B-0C78-48AF-8140-B571F8D19C98}.Release|ARM.Build.0 = Release|Any CPU
		{BB37948B-0C78-48AF-8140-B571F8D19C98}.Release|ARM64.ActiveCfg = Release|Any CPU
		{BB37948B-0C78-48AF-8140-B571F8D19C98}.Release|ARM64.Build.0 = Release|Any CPU
		{BB37948B-0C78-48AF-8140-B571F8D19C98}.Release|x64.ActiveCfg = Release|x64
		{BB37948B-0C78-48AF-8140-B571F8D19C98}.Release|x64.Build.0 = Release|x64
		{BB37948B-0C78-48AF-8140-B571F8D19C98}.Release|x86.ActiveCfg = Release|Any CPU
		{BB37948B-0C78-48AF-8140-B571F8D19C98}.Release|x86.Build.0 = Release|Any CPU
		{A914E29B-3A01-4F96-90EE-819A345C3A2C}.Debug|Any CPU.ActiveCfg = Debug|Any CPU
		{A914E29B-3A01-4F96-90EE-819A345C3A2C}.Debug|Any CPU.Build.0 = Debug|Any CPU
		{A914E29B-3A01-4F96-90EE-819A345C3A2C}.Debug|ARM.ActiveCfg = Debug|Any CPU
		{A914E29B-3A01-4F96-90EE-819A345C3A2C}.Debug|ARM.Build.0 = Debug|Any CPU
		{A914E29B-3A01-4F96-90EE-819A345C3A2C}.Debug|ARM64.ActiveCfg = Debug|Any CPU
		{A914E29B-3A01-4F96-90EE-819A345C3A2C}.Debug|ARM64.Build.0 = Debug|Any CPU
		{A914E29B-3A01-4F96-90EE-819A345C3A2C}.Debug|x64.ActiveCfg = Debug|Any CPU
		{A914E29B-3A01-4F96-90EE-819A345C3A2C}.Debug|x64.Build.0 = Debug|Any CPU
		{A914E29B-3A01-4F96-90EE-819A345C3A2C}.Debug|x86.ActiveCfg = Debug|Any CPU
		{A914E29B-3A01-4F96-90EE-819A345C3A2C}.Debug|x86.Build.0 = Debug|Any CPU
		{A914E29B-3A01-4F96-90EE-819A345C3A2C}.Release|Any CPU.ActiveCfg = Release|Any CPU
		{A914E29B-3A01-4F96-90EE-819A345C3A2C}.Release|Any CPU.Build.0 = Release|Any CPU
		{A914E29B-3A01-4F96-90EE-819A345C3A2C}.Release|ARM.ActiveCfg = Release|Any CPU
		{A914E29B-3A01-4F96-90EE-819A345C3A2C}.Release|ARM.Build.0 = Release|Any CPU
		{A914E29B-3A01-4F96-90EE-819A345C3A2C}.Release|ARM64.ActiveCfg = Release|Any CPU
		{A914E29B-3A01-4F96-90EE-819A345C3A2C}.Release|ARM64.Build.0 = Release|Any CPU
		{A914E29B-3A01-4F96-90EE-819A345C3A2C}.Release|x64.ActiveCfg = Release|Any CPU
		{A914E29B-3A01-4F96-90EE-819A345C3A2C}.Release|x64.Build.0 = Release|Any CPU
		{A914E29B-3A01-4F96-90EE-819A345C3A2C}.Release|x86.ActiveCfg = Release|Any CPU
		{A914E29B-3A01-4F96-90EE-819A345C3A2C}.Release|x86.Build.0 = Release|Any CPU
		{A7B23E21-E2C4-4C1A-A79A-8003AD30B661}.Debug|Any CPU.ActiveCfg = Debug|Any CPU
		{A7B23E21-E2C4-4C1A-A79A-8003AD30B661}.Debug|Any CPU.Build.0 = Debug|Any CPU
		{A7B23E21-E2C4-4C1A-A79A-8003AD30B661}.Debug|ARM.ActiveCfg = Debug|Any CPU
		{A7B23E21-E2C4-4C1A-A79A-8003AD30B661}.Debug|ARM.Build.0 = Debug|Any CPU
		{A7B23E21-E2C4-4C1A-A79A-8003AD30B661}.Debug|ARM64.ActiveCfg = Debug|Any CPU
		{A7B23E21-E2C4-4C1A-A79A-8003AD30B661}.Debug|ARM64.Build.0 = Debug|Any CPU
		{A7B23E21-E2C4-4C1A-A79A-8003AD30B661}.Debug|x64.ActiveCfg = Debug|Any CPU
		{A7B23E21-E2C4-4C1A-A79A-8003AD30B661}.Debug|x64.Build.0 = Debug|Any CPU
		{A7B23E21-E2C4-4C1A-A79A-8003AD30B661}.Debug|x86.ActiveCfg = Debug|Any CPU
		{A7B23E21-E2C4-4C1A-A79A-8003AD30B661}.Debug|x86.Build.0 = Debug|Any CPU
		{A7B23E21-E2C4-4C1A-A79A-8003AD30B661}.Release|Any CPU.ActiveCfg = Release|Any CPU
		{A7B23E21-E2C4-4C1A-A79A-8003AD30B661}.Release|Any CPU.Build.0 = Release|Any CPU
		{A7B23E21-E2C4-4C1A-A79A-8003AD30B661}.Release|ARM.ActiveCfg = Release|Any CPU
		{A7B23E21-E2C4-4C1A-A79A-8003AD30B661}.Release|ARM.Build.0 = Release|Any CPU
		{A7B23E21-E2C4-4C1A-A79A-8003AD30B661}.Release|ARM64.ActiveCfg = Release|Any CPU
		{A7B23E21-E2C4-4C1A-A79A-8003AD30B661}.Release|ARM64.Build.0 = Release|Any CPU
		{A7B23E21-E2C4-4C1A-A79A-8003AD30B661}.Release|x64.ActiveCfg = Release|Any CPU
		{A7B23E21-E2C4-4C1A-A79A-8003AD30B661}.Release|x64.Build.0 = Release|Any CPU
		{A7B23E21-E2C4-4C1A-A79A-8003AD30B661}.Release|x86.ActiveCfg = Release|Any CPU
		{A7B23E21-E2C4-4C1A-A79A-8003AD30B661}.Release|x86.Build.0 = Release|Any CPU
		{9FEB3F2E-9ACF-4135-A088-B0DC2AC28F7B}.Debug|Any CPU.ActiveCfg = Debug|Any CPU
		{9FEB3F2E-9ACF-4135-A088-B0DC2AC28F7B}.Debug|Any CPU.Build.0 = Debug|Any CPU
		{9FEB3F2E-9ACF-4135-A088-B0DC2AC28F7B}.Debug|ARM.ActiveCfg = Debug|Any CPU
		{9FEB3F2E-9ACF-4135-A088-B0DC2AC28F7B}.Debug|ARM.Build.0 = Debug|Any CPU
		{9FEB3F2E-9ACF-4135-A088-B0DC2AC28F7B}.Debug|ARM64.ActiveCfg = Debug|Any CPU
		{9FEB3F2E-9ACF-4135-A088-B0DC2AC28F7B}.Debug|ARM64.Build.0 = Debug|Any CPU
		{9FEB3F2E-9ACF-4135-A088-B0DC2AC28F7B}.Debug|x64.ActiveCfg = Debug|Any CPU
		{9FEB3F2E-9ACF-4135-A088-B0DC2AC28F7B}.Debug|x64.Build.0 = Debug|Any CPU
		{9FEB3F2E-9ACF-4135-A088-B0DC2AC28F7B}.Debug|x86.ActiveCfg = Debug|Any CPU
		{9FEB3F2E-9ACF-4135-A088-B0DC2AC28F7B}.Debug|x86.Build.0 = Debug|Any CPU
		{9FEB3F2E-9ACF-4135-A088-B0DC2AC28F7B}.Release|Any CPU.ActiveCfg = Release|Any CPU
		{9FEB3F2E-9ACF-4135-A088-B0DC2AC28F7B}.Release|Any CPU.Build.0 = Release|Any CPU
		{9FEB3F2E-9ACF-4135-A088-B0DC2AC28F7B}.Release|ARM.ActiveCfg = Release|Any CPU
		{9FEB3F2E-9ACF-4135-A088-B0DC2AC28F7B}.Release|ARM.Build.0 = Release|Any CPU
		{9FEB3F2E-9ACF-4135-A088-B0DC2AC28F7B}.Release|ARM64.ActiveCfg = Release|Any CPU
		{9FEB3F2E-9ACF-4135-A088-B0DC2AC28F7B}.Release|ARM64.Build.0 = Release|Any CPU
		{9FEB3F2E-9ACF-4135-A088-B0DC2AC28F7B}.Release|x64.ActiveCfg = Release|Any CPU
		{9FEB3F2E-9ACF-4135-A088-B0DC2AC28F7B}.Release|x64.Build.0 = Release|Any CPU
		{9FEB3F2E-9ACF-4135-A088-B0DC2AC28F7B}.Release|x86.ActiveCfg = Release|Any CPU
		{9FEB3F2E-9ACF-4135-A088-B0DC2AC28F7B}.Release|x86.Build.0 = Release|Any CPU
		{DAD11746-FE87-4DD3-89FE-1405629909A6}.Debug|Any CPU.ActiveCfg = Debug|Any CPU
		{DAD11746-FE87-4DD3-89FE-1405629909A6}.Debug|Any CPU.Build.0 = Debug|Any CPU
		{DAD11746-FE87-4DD3-89FE-1405629909A6}.Debug|ARM.ActiveCfg = Debug|Any CPU
		{DAD11746-FE87-4DD3-89FE-1405629909A6}.Debug|ARM.Build.0 = Debug|Any CPU
		{DAD11746-FE87-4DD3-89FE-1405629909A6}.Debug|ARM64.ActiveCfg = Debug|Any CPU
		{DAD11746-FE87-4DD3-89FE-1405629909A6}.Debug|ARM64.Build.0 = Debug|Any CPU
		{DAD11746-FE87-4DD3-89FE-1405629909A6}.Debug|x64.ActiveCfg = Debug|Any CPU
		{DAD11746-FE87-4DD3-89FE-1405629909A6}.Debug|x64.Build.0 = Debug|Any CPU
		{DAD11746-FE87-4DD3-89FE-1405629909A6}.Debug|x86.ActiveCfg = Debug|Any CPU
		{DAD11746-FE87-4DD3-89FE-1405629909A6}.Debug|x86.Build.0 = Debug|Any CPU
		{DAD11746-FE87-4DD3-89FE-1405629909A6}.Release|Any CPU.ActiveCfg = Release|Any CPU
		{DAD11746-FE87-4DD3-89FE-1405629909A6}.Release|Any CPU.Build.0 = Release|Any CPU
		{DAD11746-FE87-4DD3-89FE-1405629909A6}.Release|ARM.ActiveCfg = Release|Any CPU
		{DAD11746-FE87-4DD3-89FE-1405629909A6}.Release|ARM.Build.0 = Release|Any CPU
		{DAD11746-FE87-4DD3-89FE-1405629909A6}.Release|ARM64.ActiveCfg = Release|Any CPU
		{DAD11746-FE87-4DD3-89FE-1405629909A6}.Release|ARM64.Build.0 = Release|Any CPU
		{DAD11746-FE87-4DD3-89FE-1405629909A6}.Release|x64.ActiveCfg = Release|Any CPU
		{DAD11746-FE87-4DD3-89FE-1405629909A6}.Release|x64.Build.0 = Release|Any CPU
		{DAD11746-FE87-4DD3-89FE-1405629909A6}.Release|x86.ActiveCfg = Release|Any CPU
		{DAD11746-FE87-4DD3-89FE-1405629909A6}.Release|x86.Build.0 = Release|Any CPU
		{F59DFAC7-F794-427E-88AF-CD41AD30BB94}.Debug|Any CPU.ActiveCfg = Debug|Any CPU
		{F59DFAC7-F794-427E-88AF-CD41AD30BB94}.Debug|Any CPU.Build.0 = Debug|Any CPU
		{F59DFAC7-F794-427E-88AF-CD41AD30BB94}.Debug|ARM.ActiveCfg = Debug|Any CPU
		{F59DFAC7-F794-427E-88AF-CD41AD30BB94}.Debug|ARM.Build.0 = Debug|Any CPU
		{F59DFAC7-F794-427E-88AF-CD41AD30BB94}.Debug|ARM64.ActiveCfg = Debug|Any CPU
		{F59DFAC7-F794-427E-88AF-CD41AD30BB94}.Debug|ARM64.Build.0 = Debug|Any CPU
		{F59DFAC7-F794-427E-88AF-CD41AD30BB94}.Debug|x64.ActiveCfg = Debug|Any CPU
		{F59DFAC7-F794-427E-88AF-CD41AD30BB94}.Debug|x64.Build.0 = Debug|Any CPU
		{F59DFAC7-F794-427E-88AF-CD41AD30BB94}.Debug|x86.ActiveCfg = Debug|Any CPU
		{F59DFAC7-F794-427E-88AF-CD41AD30BB94}.Debug|x86.Build.0 = Debug|Any CPU
		{F59DFAC7-F794-427E-88AF-CD41AD30BB94}.Release|Any CPU.ActiveCfg = Release|Any CPU
		{F59DFAC7-F794-427E-88AF-CD41AD30BB94}.Release|Any CPU.Build.0 = Release|Any CPU
		{F59DFAC7-F794-427E-88AF-CD41AD30BB94}.Release|ARM.ActiveCfg = Release|Any CPU
		{F59DFAC7-F794-427E-88AF-CD41AD30BB94}.Release|ARM.Build.0 = Release|Any CPU
		{F59DFAC7-F794-427E-88AF-CD41AD30BB94}.Release|ARM64.ActiveCfg = Release|Any CPU
		{F59DFAC7-F794-427E-88AF-CD41AD30BB94}.Release|ARM64.Build.0 = Release|Any CPU
		{F59DFAC7-F794-427E-88AF-CD41AD30BB94}.Release|x64.ActiveCfg = Release|Any CPU
		{F59DFAC7-F794-427E-88AF-CD41AD30BB94}.Release|x64.Build.0 = Release|Any CPU
		{F59DFAC7-F794-427E-88AF-CD41AD30BB94}.Release|x86.ActiveCfg = Release|Any CPU
		{F59DFAC7-F794-427E-88AF-CD41AD30BB94}.Release|x86.Build.0 = Release|Any CPU
		{2A94F275-2CCD-4ECF-86E0-1B49F1F8037B}.Debug|Any CPU.ActiveCfg = Debug|Any CPU
		{2A94F275-2CCD-4ECF-86E0-1B49F1F8037B}.Debug|Any CPU.Build.0 = Debug|Any CPU
		{2A94F275-2CCD-4ECF-86E0-1B49F1F8037B}.Debug|ARM.ActiveCfg = Debug|Any CPU
		{2A94F275-2CCD-4ECF-86E0-1B49F1F8037B}.Debug|ARM.Build.0 = Debug|Any CPU
		{2A94F275-2CCD-4ECF-86E0-1B49F1F8037B}.Debug|ARM64.ActiveCfg = Debug|Any CPU
		{2A94F275-2CCD-4ECF-86E0-1B49F1F8037B}.Debug|ARM64.Build.0 = Debug|Any CPU
		{2A94F275-2CCD-4ECF-86E0-1B49F1F8037B}.Debug|x64.ActiveCfg = Debug|Any CPU
		{2A94F275-2CCD-4ECF-86E0-1B49F1F8037B}.Debug|x64.Build.0 = Debug|Any CPU
		{2A94F275-2CCD-4ECF-86E0-1B49F1F8037B}.Debug|x86.ActiveCfg = Debug|Any CPU
		{2A94F275-2CCD-4ECF-86E0-1B49F1F8037B}.Debug|x86.Build.0 = Debug|Any CPU
		{2A94F275-2CCD-4ECF-86E0-1B49F1F8037B}.Release|Any CPU.ActiveCfg = Release|Any CPU
		{2A94F275-2CCD-4ECF-86E0-1B49F1F8037B}.Release|Any CPU.Build.0 = Release|Any CPU
		{2A94F275-2CCD-4ECF-86E0-1B49F1F8037B}.Release|ARM.ActiveCfg = Release|Any CPU
		{2A94F275-2CCD-4ECF-86E0-1B49F1F8037B}.Release|ARM.Build.0 = Release|Any CPU
		{2A94F275-2CCD-4ECF-86E0-1B49F1F8037B}.Release|ARM64.ActiveCfg = Release|Any CPU
		{2A94F275-2CCD-4ECF-86E0-1B49F1F8037B}.Release|ARM64.Build.0 = Release|Any CPU
		{2A94F275-2CCD-4ECF-86E0-1B49F1F8037B}.Release|x64.ActiveCfg = Release|Any CPU
		{2A94F275-2CCD-4ECF-86E0-1B49F1F8037B}.Release|x64.Build.0 = Release|Any CPU
		{2A94F275-2CCD-4ECF-86E0-1B49F1F8037B}.Release|x86.ActiveCfg = Release|Any CPU
		{2A94F275-2CCD-4ECF-86E0-1B49F1F8037B}.Release|x86.Build.0 = Release|Any CPU
		{FCF63A79-C327-4822-8B83-C3413009BA2F}.Debug|Any CPU.ActiveCfg = Debug|Any CPU
		{FCF63A79-C327-4822-8B83-C3413009BA2F}.Debug|Any CPU.Build.0 = Debug|Any CPU
		{FCF63A79-C327-4822-8B83-C3413009BA2F}.Debug|ARM.ActiveCfg = Debug|Any CPU
		{FCF63A79-C327-4822-8B83-C3413009BA2F}.Debug|ARM.Build.0 = Debug|Any CPU
		{FCF63A79-C327-4822-8B83-C3413009BA2F}.Debug|ARM64.ActiveCfg = Debug|Any CPU
		{FCF63A79-C327-4822-8B83-C3413009BA2F}.Debug|ARM64.Build.0 = Debug|Any CPU
		{FCF63A79-C327-4822-8B83-C3413009BA2F}.Debug|x64.ActiveCfg = Debug|Any CPU
		{FCF63A79-C327-4822-8B83-C3413009BA2F}.Debug|x64.Build.0 = Debug|Any CPU
		{FCF63A79-C327-4822-8B83-C3413009BA2F}.Debug|x86.ActiveCfg = Debug|Any CPU
		{FCF63A79-C327-4822-8B83-C3413009BA2F}.Debug|x86.Build.0 = Debug|Any CPU
		{FCF63A79-C327-4822-8B83-C3413009BA2F}.Release|Any CPU.ActiveCfg = Release|Any CPU
		{FCF63A79-C327-4822-8B83-C3413009BA2F}.Release|Any CPU.Build.0 = Release|Any CPU
		{FCF63A79-C327-4822-8B83-C3413009BA2F}.Release|ARM.ActiveCfg = Release|Any CPU
		{FCF63A79-C327-4822-8B83-C3413009BA2F}.Release|ARM.Build.0 = Release|Any CPU
		{FCF63A79-C327-4822-8B83-C3413009BA2F}.Release|ARM64.ActiveCfg = Release|Any CPU
		{FCF63A79-C327-4822-8B83-C3413009BA2F}.Release|ARM64.Build.0 = Release|Any CPU
		{FCF63A79-C327-4822-8B83-C3413009BA2F}.Release|x64.ActiveCfg = Release|Any CPU
		{FCF63A79-C327-4822-8B83-C3413009BA2F}.Release|x64.Build.0 = Release|Any CPU
		{FCF63A79-C327-4822-8B83-C3413009BA2F}.Release|x86.ActiveCfg = Release|Any CPU
		{FCF63A79-C327-4822-8B83-C3413009BA2F}.Release|x86.Build.0 = Release|Any CPU
	EndGlobalSection
	GlobalSection(SolutionProperties) = preSolution
		HideSolutionNode = FALSE
	EndGlobalSection
	GlobalSection(NestedProjects) = preSolution
		{56EC09BF-3957-4FF5-BE07-72F585A0FA10} = {7E4EA543-1E3F-4423-9792-C045B392282F}
		{BB37948B-0C78-48AF-8140-B571F8D19C98} = {7C9F8530-CFF7-496A-9F43-AFDF713324B5}
		{A914E29B-3A01-4F96-90EE-819A345C3A2C} = {7C9F8530-CFF7-496A-9F43-AFDF713324B5}
		{A7B23E21-E2C4-4C1A-A79A-8003AD30B661} = {7C9F8530-CFF7-496A-9F43-AFDF713324B5}
		{9FEB3F2E-9ACF-4135-A088-B0DC2AC28F7B} = {7C9F8530-CFF7-496A-9F43-AFDF713324B5}
		{DAD11746-FE87-4DD3-89FE-1405629909A6} = {7C9F8530-CFF7-496A-9F43-AFDF713324B5}
		{F59DFAC7-F794-427E-88AF-CD41AD30BB94} = {7C9F8530-CFF7-496A-9F43-AFDF713324B5}
		{2A94F275-2CCD-4ECF-86E0-1B49F1F8037B} = {7E4EA543-1E3F-4423-9792-C045B392282F}
		{0AD8CC20-6767-45B4-88A7-857F0414644E} = {E36CFB5C-B857-46F6-8D89-2E62FF54F962}
		{FCF63A79-C327-4822-8B83-C3413009BA2F} = {0AD8CC20-6767-45B4-88A7-857F0414644E}
	EndGlobalSection
	GlobalSection(ExtensibilityGlobals) = postSolution
		SolutionGuid = {3247D6B4-B116-463B-9CCA-EF759279E673}
	EndGlobalSection
EndGlobal
